
Microsoft Visual Studio Solution File, Format Version 12.00
# Visual Studio 15
VisualStudioVersion = 15.0.28307.539
MinimumVisualStudioVersion = 10.0.40219.1
Project("{FAE04EC0-301F-11D3-BF4B-00C04F79EFBC}") = "RecipesDAW", "RecipesDAW\RecipesDAW.csproj", "{6CDE2293-49DE-48BA-B08B-DB81059FDCD9}"
EndProject
Global
	GlobalSection(SolutionConfigurationPlatforms) = preSolution
		Debug|Any CPU = Debug|Any CPU
		Release|Any CPU = Release|Any CPU
	EndGlobalSection
	GlobalSection(ProjectConfigurationPlatforms) = postSolution
		{6CDE2293-49DE-48BA-B08B-DB81059FDCD9}.Debug|Any CPU.ActiveCfg = Debug|Any CPU
		{6CDE2293-49DE-48BA-B08B-DB81059FDCD9}.Debug|Any CPU.Build.0 = Debug|Any CPU
		{6CDE2293-49DE-48BA-B08B-DB81059FDCD9}.Release|Any CPU.ActiveCfg = Release|Any CPU
		{6CDE2293-49DE-48BA-B08B-DB81059FDCD9}.Release|Any CPU.Build.0 = Release|Any CPU
	EndGlobalSection
	GlobalSection(SolutionProperties) = preSolution
		HideSolutionNode = FALSE
	EndGlobalSection
	GlobalSection(ExtensibilityGlobals) = postSolution
		SolutionGuid = {C557F963-ED7E-4275-B9EC-F9BDF0C27E1A}
	EndGlobalSection
EndGlobal
